// !$*UTF8*$!
{
	archiveVersion = 1;
	classes = {
	};
	objectVersion = 56;
	objects = {

/* Begin PBXBuildFile section */
		1775C4A72BCDD761009DB219 /* devapptestApp.swift in Sources */ = {isa = PBXBuildFile; fileRef = 1775C4A62BCDD761009DB219 /* devapptestApp.swift */; };
		1775C4A92BCDD761009DB219 /* ContentView.swift in Sources */ = {isa = PBXBuildFile; fileRef = 1775C4A82BCDD761009DB219 /* ContentView.swift */; };
		1775C4AB2BCDD763009DB219 /* Assets.xcassets in Resources */ = {isa = PBXBuildFile; fileRef = 1775C4AA2BCDD763009DB219 /* Assets.xcassets */; };
		1775C4AE2BCDD763009DB219 /* Preview Assets.xcassets in Resources */ = {isa = PBXBuildFile; fileRef = 1775C4AD2BCDD763009DB219 /* Preview Assets.xcassets */; };
		17A6B9EE2BCE9E530049AD6A /* NotificationView.swift in Sources */ = {isa = PBXBuildFile; fileRef = 17A6B9ED2BCE9E530049AD6A /* NotificationView.swift */; };
		17A6B9F12BCE9ED10049AD6A /* GoogleService-Info.plist in Resources */ = {isa = PBXBuildFile; fileRef = 17A6B9EF2BCE9ED10049AD6A /* GoogleService-Info.plist */; };
		17A6B9F22BCE9ED10049AD6A /* README.md in Resources */ = {isa = PBXBuildFile; fileRef = 17A6B9F02BCE9ED10049AD6A /* README.md */; };
		17A6B9F52BCE9F3E0049AD6A /* FirebaseMessaging in Frameworks */ = {isa = PBXBuildFile; productRef = 17A6B9F42BCE9F3E0049AD6A /* FirebaseMessaging */; };
/* End PBXBuildFile section */

/* Begin PBXFileReference section */
		1775C4A32BCDD761009DB219 /* devapptest.app */ = {isa = PBXFileReference; explicitFileType = wrapper.application; includeInIndex = 0; path = devapptest.app; sourceTree = BUILT_PRODUCTS_DIR; };
		1775C4A62BCDD761009DB219 /* devapptestApp.swift */ = {isa = PBXFileReference; lastKnownFileType = sourcecode.swift; path = devapptestApp.swift; sourceTree = "<group>"; };
		1775C4A82BCDD761009DB219 /* ContentView.swift */ = {isa = PBXFileReference; lastKnownFileType = sourcecode.swift; path = ContentView.swift; sourceTree = "<group>"; };
		1775C4AA2BCDD763009DB219 /* Assets.xcassets */ = {isa = PBXFileReference; lastKnownFileType = folder.assetcatalog; path = Assets.xcassets; sourceTree = "<group>"; };
		1775C4AD2BCDD763009DB219 /* Preview Assets.xcassets */ = {isa = PBXFileReference; lastKnownFileType = folder.assetcatalog; path = "Preview Assets.xcassets"; sourceTree = "<group>"; };
		17A6B9ED2BCE9E530049AD6A /* NotificationView.swift */ = {isa = PBXFileReference; lastKnownFileType = sourcecode.swift; path = NotificationView.swift; sourceTree = "<group>"; };
		17A6B9EF2BCE9ED10049AD6A /* GoogleService-Info.plist */ = {isa = PBXFileReference; fileEncoding = 4; lastKnownFileType = text.plist.xml; path = "GoogleService-Info.plist"; sourceTree = "<group>"; };
		17A6B9F02BCE9ED10049AD6A /* README.md */ = {isa = PBXFileReference; fileEncoding = 4; lastKnownFileType = net.daringfireball.markdown; path = README.md; sourceTree = "<group>"; };
		17A6B9F62BCEAA380049AD6A /* devapptest.entitlements */ = {isa = PBXFileReference; lastKnownFileType = text.plist.entitlements; path = devapptest.entitlements; sourceTree = "<group>"; };
		17A6B9F72BCEAA480049AD6A /* Info.plist */ = {isa = PBXFileReference; lastKnownFileType = text.plist; path = Info.plist; sourceTree = "<group>"; };
/* End PBXFileReference section */

/* Begin PBXFrameworksBuildPhase section */
		1775C4A02BCDD761009DB219 /* Frameworks */ = {
			isa = PBXFrameworksBuildPhase;
			buildActionMask = 2147483647;
			files = (
				17A6B9F52BCE9F3E0049AD6A /* FirebaseMessaging in Frameworks */,
			);
			runOnlyForDeploymentPostprocessing = 0;
		};
/* End PBXFrameworksBuildPhase section */

/* Begin PBXGroup section */
		1775C49A2BCDD761009DB219 = {
			isa = PBXGroup;
			children = (
				1775C4A52BCDD761009DB219 /* devapptest */,
				1775C4A42BCDD761009DB219 /* Products */,
			);
			sourceTree = "<group>";
		};
		1775C4A42BCDD761009DB219 /* Products */ = {
			isa = PBXGroup;
			children = (
				1775C4A32BCDD761009DB219 /* devapptest.app */,
			);
			name = Products;
			sourceTree = "<group>";
		};
		1775C4A52BCDD761009DB219 /* devapptest */ = {
			isa = PBXGroup;
			children = (
				17A6B9F72BCEAA480049AD6A /* Info.plist */,
				17A6B9F62BCEAA380049AD6A /* devapptest.entitlements */,
				17A6B9EF2BCE9ED10049AD6A /* GoogleService-Info.plist */,
				17A6B9F02BCE9ED10049AD6A /* README.md */,
				1775C4A62BCDD761009DB219 /* devapptestApp.swift */,
				1775C4A82BCDD761009DB219 /* ContentView.swift */,
				1775C4AA2BCDD763009DB219 /* Assets.xcassets */,
				1775C4AC2BCDD763009DB219 /* Preview Content */,
				17A6B9ED2BCE9E530049AD6A /* NotificationView.swift */,
			);
			path = devapptest;
			sourceTree = "<group>";
		};
		1775C4AC2BCDD763009DB219 /* Preview Content */ = {
			isa = PBXGroup;
			children = (
				1775C4AD2BCDD763009DB219 /* Preview Assets.xcassets */,
			);
			path = "Preview Content";
			sourceTree = "<group>";
		};
/* End PBXGroup section */

/* Begin PBXNativeTarget section */
		1775C4A22BCDD761009DB219 /* devapptest */ = {
			isa = PBXNativeTarget;
			buildConfigurationList = 1775C4B12BCDD763009DB219 /* Build configuration list for PBXNativeTarget "devapptest" */;
			buildPhases = (
				1775C49F2BCDD761009DB219 /* Sources */,
				1775C4A02BCDD761009DB219 /* Frameworks */,
				1775C4A12BCDD761009DB219 /* Resources */,
			);
			buildRules = (
			);
			dependencies = (
			);
			name = devapptest;
			packageProductDependencies = (
				17A6B9F42BCE9F3E0049AD6A /* FirebaseMessaging */,
			);
			productName = devapptest;
			productReference = 1775C4A32BCDD761009DB219 /* devapptest.app */;
			productType = "com.apple.product-type.application";
		};
/* End PBXNativeTarget section */

/* Begin PBXProject section */
		1775C49B2BCDD761009DB219 /* Project object */ = {
			isa = PBXProject;
			attributes = {
				BuildIndependentTargetsInParallel = 1;
				LastSwiftUpdateCheck = 1530;
				LastUpgradeCheck = 1530;
				TargetAttributes = {
					1775C4A22BCDD761009DB219 = {
						CreatedOnToolsVersion = 15.3;
					};
				};
			};
			buildConfigurationList = 1775C49E2BCDD761009DB219 /* Build configuration list for PBXProject "devapptest" */;
			compatibilityVersion = "Xcode 14.0";
			developmentRegion = en;
			hasScannedForEncodings = 0;
			knownRegions = (
				en,
				Base,
			);
			mainGroup = 1775C49A2BCDD761009DB219;
			packageReferences = (
				17A6B9F32BCE9F3E0049AD6A /* XCRemoteSwiftPackageReference "firebase-ios-sdk" */,
			);
			productRefGroup = 1775C4A42BCDD761009DB219 /* Products */;
			projectDirPath = "";
			projectRoot = "";
			targets = (
				1775C4A22BCDD761009DB219 /* devapptest */,
			);
		};
/* End PBXProject section */

/* Begin PBXResourcesBuildPhase section */
		1775C4A12BCDD761009DB219 /* Resources */ = {
			isa = PBXResourcesBuildPhase;
			buildActionMask = 2147483647;
			files = (
				1775C4AE2BCDD763009DB219 /* Preview Assets.xcassets in Resources */,
				1775C4AB2BCDD763009DB219 /* Assets.xcassets in Resources */,
				17A6B9F22BCE9ED10049AD6A /* README.md in Resources */,
				17A6B9F12BCE9ED10049AD6A /* GoogleService-Info.plist in Resources */,
			);
			runOnlyForDeploymentPostprocessing = 0;
		};
/* End PBXResourcesBuildPhase section */

/* Begin PBXSourcesBuildPhase section */
		1775C49F2BCDD761009DB219 /* Sources */ = {
			isa = PBXSourcesBuildPhase;
			buildActionMask = 2147483647;
			files = (
				1775C4A92BCDD761009DB219 /* ContentView.swift in Sources */,
				1775C4A72BCDD761009DB219 /* devapptestApp.swift in Sources */,
				17A6B9EE2BCE9E530049AD6A /* NotificationView.swift in Sources */,
			);
			runOnlyForDeploymentPostprocessing = 0;
		};
/* End PBXSourcesBuildPhase section */

/* Begin XCBuildConfiguration section */
		1775C4AF2BCDD763009DB219 /* Debug */ = {
			isa = XCBuildConfiguration;
			buildSettings = {
				ALWAYS_SEARCH_USER_PATHS = NO;
				ASSETCATALOG_COMPILER_GENERATE_SWIFT_ASSET_SYMBOL_EXTENSIONS = YES;
				CLANG_ANALYZER_NONNULL = YES;
				CLANG_ANALYZER_NUMBER_OBJECT_CONVERSION = YES_AGGRESSIVE;
				CLANG_CXX_LANGUAGE_STANDARD = "gnu++20";
				CLANG_ENABLE_MODULES = YES;
				CLANG_ENABLE_OBJC_ARC = YES;
				CLANG_ENABLE_OBJC_WEAK = YES;
				CLANG_WARN_BLOCK_CAPTURE_AUTORELEASING = YES;
				CLANG_WARN_BOOL_CONVERSION = YES;
				CLANG_WARN_COMMA = YES;
				CLANG_WARN_CONSTANT_CONVERSION = YES;
				CLANG_WARN_DEPRECATED_OBJC_IMPLEMENTATIONS = YES;
				CLANG_WARN_DIRECT_OBJC_ISA_USAGE = YES_ERROR;
				CLANG_WARN_DOCUMENTATION_COMMENTS = YES;
				CLANG_WARN_EMPTY_BODY = YES;
				CLANG_WARN_ENUM_CONVERSION = YES;
				CLANG_WARN_INFINITE_RECURSION = YES;
				CLANG_WARN_INT_CONVERSION = YES;
				CLANG_WARN_NON_LITERAL_NULL_CONVERSION = YES;
				CLANG_WARN_OBJC_IMPLICIT_RETAIN_SELF = YES;
				CLANG_WARN_OBJC_LITERAL_CONVERSION = YES;
				CLANG_WARN_OBJC_ROOT_CLASS = YES_ERROR;
				CLANG_WARN_QUOTED_INCLUDE_IN_FRAMEWORK_HEADER = YES;
				CLANG_WARN_RANGE_LOOP_ANALYSIS = YES;
				CLANG_WARN_STRICT_PROTOTYPES = YES;
				CLANG_WARN_SUSPICIOUS_MOVE = YES;
				CLANG_WARN_UNGUARDED_AVAILABILITY = YES_AGGRESSIVE;
				CLANG_WARN_UNREACHABLE_CODE = YES;
				CLANG_WARN__DUPLICATE_METHOD_MATCH = YES;
				COPY_PHASE_STRIP = NO;
				DEBUG_INFORMATION_FORMAT = dwarf;
				ENABLE_STRICT_OBJC_MSGSEND = YES;
				ENABLE_TESTABILITY = YES;
				ENABLE_USER_SCRIPT_SANDBOXING = YES;
				GCC_C_LANGUAGE_STANDARD = gnu17;
				GCC_DYNAMIC_NO_PIC = NO;
				GCC_NO_COMMON_BLOCKS = YES;
				GCC_OPTIMIZATION_LEVEL = 0;
				GCC_PREPROCESSOR_DEFINITIONS = (
					"DEBUG=1",
					"$(inherited)",
				);
				GCC_WARN_64_TO_32_BIT_CONVERSION = YES;
				GCC_WARN_ABOUT_RETURN_TYPE = YES_ERROR;
				GCC_WARN_UNDECLARED_SELECTOR = YES;
				GCC_WARN_UNINITIALIZED_AUTOS = YES_AGGRESSIVE;
				GCC_WARN_UNUSED_FUNCTION = YES;
				GCC_WARN_UNUSED_VARIABLE = YES;
				IPHONEOS_DEPLOYMENT_TARGET = 17.4;
				LOCALIZATION_PREFERS_STRING_CATALOGS = YES;
				MTL_ENABLE_DEBUG_INFO = INCLUDE_SOURCE;
				MTL_FAST_MATH = YES;
				ONLY_ACTIVE_ARCH = YES;
				SDKROOT = iphoneos;
				SWIFT_ACTIVE_COMPILATION_CONDITIONS = "DEBUG $(inherited)";
				SWIFT_OPTIMIZATION_LEVEL = "-Onone";
			};
			name = Debug;
		};
		1775C4B02BCDD763009DB219 /* Release */ = {
			isa = XCBuildConfiguration;
			buildSettings = {
				ALWAYS_SEARCH_USER_PATHS = NO;
				ASSETCATALOG_COMPILER_GENERATE_SWIFT_ASSET_SYMBOL_EXTENSIONS = YES;
				CLANG_ANALYZER_NONNULL = YES;
				CLANG_ANALYZER_NUMBER_OBJECT_CONVERSION = YES_AGGRESSIVE;
				CLANG_CXX_LANGUAGE_STANDARD = "gnu++20";
				CLANG_ENABLE_MODULES = YES;
				CLANG_ENABLE_OBJC_ARC = YES;
				CLANG_ENABLE_OBJC_WEAK = YES;
				CLANG_WARN_BLOCK_CAPTURE_AUTORELEASING = YES;
				CLANG_WARN_BOOL_CONVERSION = YES;
				CLANG_WARN_COMMA = YES;
				CLANG_WARN_CONSTANT_CONVERSION = YES;
				CLANG_WARN_DEPRECATED_OBJC_IMPLEMENTATIONS = YES;
				CLANG_WARN_DIRECT_OBJC_ISA_USAGE = YES_ERROR;
				CLANG_WARN_DOCUMENTATION_COMMENTS = YES;
				CLANG_WARN_EMPTY_BODY = YES;
				CLANG_WARN_ENUM_CONVERSION = YES;
				CLANG_WARN_INFINITE_RECURSION = YES;
				CLANG_WARN_INT_CONVERSION = YES;
				CLANG_WARN_NON_LITERAL_NULL_CONVERSION = YES;
				CLANG_WARN_OBJC_IMPLICIT_RETAIN_SELF = YES;
				CLANG_WARN_OBJC_LITERAL_CONVERSION = YES;
				CLANG_WARN_OBJC_ROOT_CLASS = YES_ERROR;
				CLANG_WARN_QUOTED_INCLUDE_IN_FRAMEWORK_HEADER = YES;
				CLANG_WARN_RANGE_LOOP_ANALYSIS = YES;
				CLANG_WARN_STRICT_PROTOTYPES = YES;
				CLANG_WARN_SUSPICIOUS_MOVE = YES;
				CLANG_WARN_UNGUARDED_AVAILABILITY = YES_AGGRESSIVE;
				CLANG_WARN_UNREACHABLE_CODE = YES;
				CLANG_WARN__DUPLICATE_METHOD_MATCH = YES;
				COPY_PHASE_STRIP = NO;
				DEBUG_INFORMATION_FORMAT = "dwarf-with-dsym";
				ENABLE_NS_ASSERTIONS = NO;
				ENABLE_STRICT_OBJC_MSGSEND = YES;
				ENABLE_USER_SCRIPT_SANDBOXING = YES;
				GCC_C_LANGUAGE_STANDARD = gnu17;
				GCC_NO_COMMON_BLOCKS = YES;
				GCC_WARN_64_TO_32_BIT_CONVERSION = YES;
				GCC_WARN_ABOUT_RETURN_TYPE = YES_ERROR;
				GCC_WARN_UNDECLARED_SELECTOR = YES;
				GCC_WARN_UNINITIALIZED_AUTOS = YES_AGGRESSIVE;
				GCC_WARN_UNUSED_FUNCTION = YES;
				GCC_WARN_UNUSED_VARIABLE = YES;
				IPHONEOS_DEPLOYMENT_TARGET = 17.4;
				LOCALIZATION_PREFERS_STRING_CATALOGS = YES;
				MTL_ENABLE_DEBUG_INFO = NO;
				MTL_FAST_MATH = YES;
				SDKROOT = iphoneos;
				SWIFT_COMPILATION_MODE = wholemodule;
				VALIDATE_PRODUCT = YES;
			};
			name = Release;
		};
		1775C4B22BCDD763009DB219 /* Debug */ = {
			isa = XCBuildConfiguration;
			buildSettings = {
				ASSETCATALOG_COMPILER_APPICON_NAME = AppIcon;
				ASSETCATALOG_COMPILER_GLOBAL_ACCENT_COLOR_NAME = AccentColor;
				CODE_SIGN_ENTITLEMENTS = devapptest/devapptest.entitlements;
				CODE_SIGN_STYLE = Automatic;
				CURRENT_PROJECT_VERSION = 1;
				DEVELOPMENT_ASSET_PATHS = "\"devapptest/Preview Content\"";
				DEVELOPMENT_TEAM = 7T5W54TP57;
				ENABLE_PREVIEWS = YES;
				GENERATE_INFOPLIST_FILE = YES;
				INFOPLIST_FILE = devapptest/Info.plist;
				INFOPLIST_KEY_UIApplicationSceneManifest_Generation = YES;
				INFOPLIST_KEY_UIApplicationSupportsIndirectInputEvents = YES;
				INFOPLIST_KEY_UILaunchScreen_Generation = YES;
				INFOPLIST_KEY_UISupportedInterfaceOrientations_iPad = "UIInterfaceOrientationPortrait UIInterfaceOrientationPortraitUpsideDown UIInterfaceOrientationLandscapeLeft UIInterfaceOrientationLandscapeRight";
				INFOPLIST_KEY_UISupportedInterfaceOrientations_iPhone = "UIInterfaceOrientationPortrait UIInterfaceOrientationLandscapeLeft UIInterfaceOrientationLandscapeRight";
				LD_RUNPATH_SEARCH_PATHS = (
					"$(inherited)",
					"@executable_path/Frameworks",
				);
				MARKETING_VERSION = 1.0;
				PRODUCT_BUNDLE_IDENTIFIER = br.com.keyaccess.devapptest;
				PRODUCT_NAME = "$(TARGET_NAME)";
				SWIFT_EMIT_LOC_STRINGS = YES;
				SWIFT_VERSION = 5.0;
				TARGETED_DEVICE_FAMILY = "1,2";
			};
			name = Debug;
		};
		1775C4B32BCDD763009DB219 /* Release */ = {
			isa = XCBuildConfiguration;
			buildSettings = {
				ASSETCATALOG_COMPILER_APPICON_NAME = AppIcon;
				ASSETCATALOG_COMPILER_GLOBAL_ACCENT_COLOR_NAME = AccentColor;
				CODE_SIGN_ENTITLEMENTS = devapptest/devapptest.entitlements;
				CODE_SIGN_STYLE = Automatic;
				CURRENT_PROJECT_VERSION = 1;
				DEVELOPMENT_ASSET_PATHS = "\"devapptest/Preview Content\"";
				DEVELOPMENT_TEAM = 7T5W54TP57;
				ENABLE_PREVIEWS = YES;
				GENERATE_INFOPLIST_FILE = YES;
				INFOPLIST_FILE = devapptest/Info.plist;
				INFOPLIST_KEY_UIApplicationSceneManifest_Generation = YES;
				INFOPLIST_KEY_UIApplicationSupportsIndirectInputEvents = YES;
				INFOPLIST_KEY_UILaunchScreen_Generation = YES;
				INFOPLIST_KEY_UISupportedInterfaceOrientations_iPad = "UIInterfaceOrientationPortrait UIInterfaceOrientationPortraitUpsideDown UIInterfaceOrientationLandscapeLeft UIInterfaceOrientationLandscapeRight";
				INFOPLIST_KEY_UISupportedInterfaceOrientations_iPhone = "UIInterfaceOrientationPortrait UIInterfaceOrientationLandscapeLeft UIInterfaceOrientationLandscapeRight";
				LD_RUNPATH_SEARCH_PATHS = (
					"$(inherited)",
					"@executable_path/Frameworks",
				);
				MARKETING_VERSION = 1.0;
				PRODUCT_BUNDLE_IDENTIFIER = br.com.keyaccess.devapptest;
				PRODUCT_NAME = "$(TARGET_NAME)";
				SWIFT_EMIT_LOC_STRINGS = YES;
				SWIFT_VERSION = 5.0;
				TARGETED_DEVICE_FAMILY = "1,2";
			};
			name = Release;
		};
/* End XCBuildConfiguration section */

/* Begin XCConfigurationList section */
		1775C49E2BCDD761009DB219 /* Build configuration list for PBXProject "devapptest" */ = {
			isa = XCConfigurationList;
			buildConfigurations = (
				1775C4AF2BCDD763009DB219 /* Debug */,
				1775C4B02BCDD763009DB219 /* Release */,
			);
			defaultConfigurationIsVisible = 0;
			defaultConfigurationName = Release;
		};
		1775C4B12BCDD763009DB219 /* Build configuration list for PBXNativeTarget "devapptest" */ = {
			isa = XCConfigurationList;
			buildConfigurations = (
				1775C4B22BCDD763009DB219 /* Debug */,
				1775C4B32BCDD763009DB219 /* Release */,
			);
			defaultConfigurationIsVisible = 0;
			defaultConfigurationName = Release;
		};
/* End XCConfigurationList section */

/* Begin XCRemoteSwiftPackageReference section */
		17A6B9F32BCE9F3E0049AD6A /* XCRemoteSwiftPackageReference "firebase-ios-sdk" */ = {
			isa = XCRemoteSwiftPackageReference;
			repositoryURL = "https://github.com/firebase/firebase-ios-sdk";
			requirement = {
				kind = upToNextMajorVersion;
				minimumVersion = 10.24.0;
			};
		};
/* End XCRemoteSwiftPackageReference section */

/* Begin XCSwiftPackageProductDependency section */
		17A6B9F42BCE9F3E0049AD6A /* FirebaseMessaging */ = {
			isa = XCSwiftPackageProductDependency;
			package = 17A6B9F32BCE9F3E0049AD6A /* XCRemoteSwiftPackageReference "firebase-ios-sdk" */;
			productName = FirebaseMessaging;
		};
/* End XCSwiftPackageProductDependency section */
	};
	rootObject = 1775C49B2BCDD761009DB219 /* Project object */;
}
